
Microsoft Visual Studio Solution File, Format Version 12.00
# Visual Studio Version 16
VisualStudioVersion = 16.0.29728.190
MinimumVisualStudioVersion = 10.0.40219.1
Project("{FAE04EC0-301F-11D3-BF4B-00C04F79EFBC}") = "Vouchers.Tests.Unit", "Vouchers.Tests.Unit\Vouchers.Tests.Unit.csproj", "{096DD5A8-7DAD-4D4F-AD1A-9C42A25DCEBB}"
EndProject
Project("{9A19103F-16F7-4668-BE54-9A1E7A4F7556}") = "Vouchers.Web", "Vouchers.Web\Vouchers.Web.csproj", "{CE1E35C0-E7B1-42E7-A888-4D65F9609ABA}"
EndProject
Project("{9A19103F-16F7-4668-BE54-9A1E7A4F7556}") = "Vouchers.Common", "Vouchers.Common\Vouchers.Common.csproj", "{BA535F6B-2CFA-411D-BA64-2696989B4476}"
EndProject
Project("{9A19103F-16F7-4668-BE54-9A1E7A4F7556}") = "Vouchers.Business", "Vouchers.Business\Vouchers.Business.csproj", "{63C3CCDB-E2D4-46F8-93EF-BCE07024F70C}"
EndProject
Project("{9A19103F-16F7-4668-BE54-9A1E7A4F7556}") = "Vouchers.DAL", "Vouchers.DAL\Vouchers.DAL.csproj", "{1FF4E66C-5018-40D2-A40F-12B1C7414D16}"
EndProject
Project("{9A19103F-16F7-4668-BE54-9A1E7A4F7556}") = "VouchersMigrationClient", "VouchersMigrationClient\VouchersMigrationClient.csproj", "{218A8B93-95D0-464B-AFB7-C674293F1BA6}"
EndProject
Project("{FAE04EC0-301F-11D3-BF4B-00C04F79EFBC}") = "Vouchers.Generator", "Vouchers.Generator\Vouchers.Generator.csproj", "{A514A15A-B30D-45B5-AF02-E20DED89F954}"
EndProject
Project("{FAE04EC0-301F-11D3-BF4B-00C04F79EFBC}") = "Vouchers.Test", "Vouchers.Test\Vouchers.Test.csproj", "{2532808C-2894-40F0-A836-65AD813AE5F8}"
EndProject
Global
	GlobalSection(SolutionConfigurationPlatforms) = preSolution
		Debug|Any CPU = Debug|Any CPU
		Release|Any CPU = Release|Any CPU
	EndGlobalSection
	GlobalSection(ProjectConfigurationPlatforms) = postSolution
		{096DD5A8-7DAD-4D4F-AD1A-9C42A25DCEBB}.Debug|Any CPU.ActiveCfg = Debug|Any CPU
		{096DD5A8-7DAD-4D4F-AD1A-9C42A25DCEBB}.Debug|Any CPU.Build.0 = Debug|Any CPU
		{096DD5A8-7DAD-4D4F-AD1A-9C42A25DCEBB}.Release|Any CPU.ActiveCfg = Release|Any CPU
		{096DD5A8-7DAD-4D4F-AD1A-9C42A25DCEBB}.Release|Any CPU.Build.0 = Release|Any CPU
		{CE1E35C0-E7B1-42E7-A888-4D65F9609ABA}.Debug|Any CPU.ActiveCfg = Debug|Any CPU
		{CE1E35C0-E7B1-42E7-A888-4D65F9609ABA}.Debug|Any CPU.Build.0 = Debug|Any CPU
		{CE1E35C0-E7B1-42E7-A888-4D65F9609ABA}.Release|Any CPU.ActiveCfg = Release|Any CPU
		{CE1E35C0-E7B1-42E7-A888-4D65F9609ABA}.Release|Any CPU.Build.0 = Release|Any CPU
		{BA535F6B-2CFA-411D-BA64-2696989B4476}.Debug|Any CPU.ActiveCfg = Debug|Any CPU
		{BA535F6B-2CFA-411D-BA64-2696989B4476}.Debug|Any CPU.Build.0 = Debug|Any CPU
		{BA535F6B-2CFA-411D-BA64-2696989B4476}.Release|Any CPU.ActiveCfg = Release|Any CPU
		{BA535F6B-2CFA-411D-BA64-2696989B4476}.Release|Any CPU.Build.0 = Release|Any CPU
		{63C3CCDB-E2D4-46F8-93EF-BCE07024F70C}.Debug|Any CPU.ActiveCfg = Debug|Any CPU
		{63C3CCDB-E2D4-46F8-93EF-BCE07024F70C}.Debug|Any CPU.Build.0 = Debug|Any CPU
		{63C3CCDB-E2D4-46F8-93EF-BCE07024F70C}.Release|Any CPU.ActiveCfg = Release|Any CPU
		{63C3CCDB-E2D4-46F8-93EF-BCE07024F70C}.Release|Any CPU.Build.0 = Release|Any CPU
		{1FF4E66C-5018-40D2-A40F-12B1C7414D16}.Debug|Any CPU.ActiveCfg = Debug|Any CPU
		{1FF4E66C-5018-40D2-A40F-12B1C7414D16}.Debug|Any CPU.Build.0 = Debug|Any CPU
		{1FF4E66C-5018-40D2-A40F-12B1C7414D16}.Release|Any CPU.ActiveCfg = Release|Any CPU
		{1FF4E66C-5018-40D2-A40F-12B1C7414D16}.Release|Any CPU.Build.0 = Release|Any CPU
		{218A8B93-95D0-464B-AFB7-C674293F1BA6}.Debug|Any CPU.ActiveCfg = Debug|Any CPU
		{218A8B93-95D0-464B-AFB7-C674293F1BA6}.Debug|Any CPU.Build.0 = Debug|Any CPU
		{218A8B93-95D0-464B-AFB7-C674293F1BA6}.Release|Any CPU.ActiveCfg = Release|Any CPU
		{218A8B93-95D0-464B-AFB7-C674293F1BA6}.Release|Any CPU.Build.0 = Release|Any CPU
		{A514A15A-B30D-45B5-AF02-E20DED89F954}.Debug|Any CPU.ActiveCfg = Debug|Any CPU
		{A514A15A-B30D-45B5-AF02-E20DED89F954}.Debug|Any CPU.Build.0 = Debug|Any CPU
		{A514A15A-B30D-45B5-AF02-E20DED89F954}.Release|Any CPU.ActiveCfg = Release|Any CPU
		{A514A15A-B30D-45B5-AF02-E20DED89F954}.Release|Any CPU.Build.0 = Release|Any CPU
		{2532808C-2894-40F0-A836-65AD813AE5F8}.Debug|Any CPU.ActiveCfg = Debug|Any CPU
		{2532808C-2894-40F0-A836-65AD813AE5F8}.Debug|Any CPU.Build.0 = Debug|Any CPU
		{2532808C-2894-40F0-A836-65AD813AE5F8}.Release|Any CPU.ActiveCfg = Release|Any CPU
		{2532808C-2894-40F0-A836-65AD813AE5F8}.Release|Any CPU.Build.0 = Release|Any CPU
	EndGlobalSection
	GlobalSection(SolutionProperties) = preSolution
		HideSolutionNode = FALSE
	EndGlobalSection
	GlobalSection(ExtensibilityGlobals) = postSolution
		SolutionGuid = {B2878DFF-F576-4629-8131-9E9129BD9801}
	EndGlobalSection
EndGlobal
